// !$*UTF8*$!
{
	archiveVersion = 1;
	classes = {
	};
	objectVersion = 46;
	objects = {

/* Begin PBXBuildFile section */
		624D63931CCB2A0600C787B4 /* MainMenuTableViewController.swift in Sources */ = {isa = PBXBuildFile; fileRef = 624D63921CCB2A0600C787B4 /* MainMenuTableViewController.swift */; };
		6264FD001CCAD25100DFAF5E /* DropDown.storyboard in Resources */ = {isa = PBXBuildFile; fileRef = 6264FCFF1CCAD25100DFAF5E /* DropDown.storyboard */; };
		6264FD041CCAD5EF00DFAF5E /* DropDownMenuTableViewController.swift in Sources */ = {isa = PBXBuildFile; fileRef = 6264FD031CCAD5EF00DFAF5E /* DropDownMenuTableViewController.swift */; };
		6264FD061CCAD5FB00DFAF5E /* DropDownTableViewController.swift in Sources */ = {isa = PBXBuildFile; fileRef = 6264FD051CCAD5FB00DFAF5E /* DropDownTableViewController.swift */; };
		6264FD0A1CCAEAF100DFAF5E /* DropDownMenuPresentationAnimator.swift in Sources */ = {isa = PBXBuildFile; fileRef = 6264FD091CCAEAF100DFAF5E /* DropDownMenuPresentationAnimator.swift */; };
		6264FD0C1CCAF07F00DFAF5E /* DropDownMenuDismissalAnimator.swift in Sources */ = {isa = PBXBuildFile; fileRef = 6264FD0B1CCAF07F00DFAF5E /* DropDownMenuDismissalAnimator.swift */; };
		62B2C2EF1CCA89B400168187 /* AppDelegate.swift in Sources */ = {isa = PBXBuildFile; fileRef = 62B2C2EE1CCA89B400168187 /* AppDelegate.swift */; };
		62B2C2F41CCA89B400168187 /* Main.storyboard in Resources */ = {isa = PBXBuildFile; fileRef = 62B2C2F21CCA89B400168187 /* Main.storyboard */; };
		62B2C2F61CCA89B400168187 /* Assets.xcassets in Resources */ = {isa = PBXBuildFile; fileRef = 62B2C2F51CCA89B400168187 /* Assets.xcassets */; };
		62B2C2F91CCA89B400168187 /* LaunchScreen.storyboard in Resources */ = {isa = PBXBuildFile; fileRef = 62B2C2F71CCA89B400168187 /* LaunchScreen.storyboard */; };
		62B2C3041CCA89B400168187 /* MenusTests.swift in Sources */ = {isa = PBXBuildFile; fileRef = 62B2C3031CCA89B400168187 /* MenusTests.swift */; };
		62B2C30F1CCA89B400168187 /* MenusUITests.swift in Sources */ = {isa = PBXBuildFile; fileRef = 62B2C30E1CCA89B400168187 /* MenusUITests.swift */; };
/* End PBXBuildFile section */

/* Begin PBXContainerItemProxy section */
		62B2C3001CCA89B400168187 /* PBXContainerItemProxy */ = {
			isa = PBXContainerItemProxy;
			containerPortal = 62B2C2E31CCA89B400168187 /* Project object */;
			proxyType = 1;
			remoteGlobalIDString = 62B2C2EA1CCA89B400168187;
			remoteInfo = Menus;
		};
		62B2C30B1CCA89B400168187 /* PBXContainerItemProxy */ = {
			isa = PBXContainerItemProxy;
			containerPortal = 62B2C2E31CCA89B400168187 /* Project object */;
			proxyType = 1;
			remoteGlobalIDString = 62B2C2EA1CCA89B400168187;
			remoteInfo = Menus;
		};
/* End PBXContainerItemProxy section */

/* Begin PBXFileReference section */
		624D63921CCB2A0600C787B4 /* MainMenuTableViewController.swift */ = {isa = PBXFileReference; fileEncoding = 4; lastKnownFileType = sourcecode.swift; path = MainMenuTableViewController.swift; sourceTree = "<group>"; };
		6264FCFF1CCAD25100DFAF5E /* DropDown.storyboard */ = {isa = PBXFileReference; fileEncoding = 4; lastKnownFileType = file.storyboard; path = DropDown.storyboard; sourceTree = "<group>"; };
		6264FD031CCAD5EF00DFAF5E /* DropDownMenuTableViewController.swift */ = {isa = PBXFileReference; fileEncoding = 4; lastKnownFileType = sourcecode.swift; path = DropDownMenuTableViewController.swift; sourceTree = "<group>"; };
		6264FD051CCAD5FB00DFAF5E /* DropDownTableViewController.swift */ = {isa = PBXFileReference; fileEncoding = 4; lastKnownFileType = sourcecode.swift; path = DropDownTableViewController.swift; sourceTree = "<group>"; };
		6264FD091CCAEAF100DFAF5E /* DropDownMenuPresentationAnimator.swift */ = {isa = PBXFileReference; fileEncoding = 4; lastKnownFileType = sourcecode.swift; path = DropDownMenuPresentationAnimator.swift; sourceTree = "<group>"; };
		6264FD0B1CCAF07F00DFAF5E /* DropDownMenuDismissalAnimator.swift */ = {isa = PBXFileReference; fileEncoding = 4; lastKnownFileType = sourcecode.swift; path = DropDownMenuDismissalAnimator.swift; sourceTree = "<group>"; };
		62B2C2EB1CCA89B400168187 /* MenuCatalog.app */ = {isa = PBXFileReference; explicitFileType = wrapper.application; includeInIndex = 0; path = MenuCatalog.app; sourceTree = BUILT_PRODUCTS_DIR; };
		62B2C2EE1CCA89B400168187 /* AppDelegate.swift */ = {isa = PBXFileReference; lastKnownFileType = sourcecode.swift; path = AppDelegate.swift; sourceTree = "<group>"; };
		62B2C2F31CCA89B400168187 /* Base */ = {isa = PBXFileReference; lastKnownFileType = file.storyboard; name = Base; path = Base.lproj/Main.storyboard; sourceTree = "<group>"; };
		62B2C2F51CCA89B400168187 /* Assets.xcassets */ = {isa = PBXFileReference; lastKnownFileType = folder.assetcatalog; path = Assets.xcassets; sourceTree = "<group>"; };
		62B2C2F81CCA89B400168187 /* Base */ = {isa = PBXFileReference; lastKnownFileType = file.storyboard; name = Base; path = Base.lproj/LaunchScreen.storyboard; sourceTree = "<group>"; };
		62B2C2FA1CCA89B400168187 /* Info.plist */ = {isa = PBXFileReference; lastKnownFileType = text.plist.xml; path = Info.plist; sourceTree = "<group>"; };
		62B2C2FF1CCA89B400168187 /* MenuCatalog.xctest */ = {isa = PBXFileReference; explicitFileType = wrapper.cfbundle; includeInIndex = 0; path = MenuCatalog.xctest; sourceTree = BUILT_PRODUCTS_DIR; };
		62B2C3031CCA89B400168187 /* MenusTests.swift */ = {isa = PBXFileReference; lastKnownFileType = sourcecode.swift; path = MenusTests.swift; sourceTree = "<group>"; };
		62B2C3051CCA89B400168187 /* Info.plist */ = {isa = PBXFileReference; lastKnownFileType = text.plist.xml; path = Info.plist; sourceTree = "<group>"; };
		62B2C30A1CCA89B400168187 /* MenuCatalog.xctest */ = {isa = PBXFileReference; explicitFileType = wrapper.cfbundle; includeInIndex = 0; path = MenuCatalog.xctest; sourceTree = BUILT_PRODUCTS_DIR; };
		62B2C30E1CCA89B400168187 /* MenusUITests.swift */ = {isa = PBXFileReference; lastKnownFileType = sourcecode.swift; path = MenusUITests.swift; sourceTree = "<group>"; };
		62B2C3101CCA89B400168187 /* Info.plist */ = {isa = PBXFileReference; lastKnownFileType = text.plist.xml; path = Info.plist; sourceTree = "<group>"; };
/* End PBXFileReference section */

/* Begin PBXFrameworksBuildPhase section */
		62B2C2E81CCA89B400168187 /* Frameworks */ = {
			isa = PBXFrameworksBuildPhase;
			buildActionMask = 2147483647;
			files = (
			);
			runOnlyForDeploymentPostprocessing = 0;
		};
		62B2C2FC1CCA89B400168187 /* Frameworks */ = {
			isa = PBXFrameworksBuildPhase;
			buildActionMask = 2147483647;
			files = (
			);
			runOnlyForDeploymentPostprocessing = 0;
		};
		62B2C3071CCA89B400168187 /* Frameworks */ = {
			isa = PBXFrameworksBuildPhase;
			buildActionMask = 2147483647;
			files = (
			);
			runOnlyForDeploymentPostprocessing = 0;
		};
/* End PBXFrameworksBuildPhase section */

/* Begin PBXGroup section */
		624D63911CCB29F500C787B4 /* Controllers */ = {
			isa = PBXGroup;
			children = (
				624D63921CCB2A0600C787B4 /* MainMenuTableViewController.swift */,
			);
			path = Controllers;
			sourceTree = "<group>";
		};
		6264FD011CCAD25500DFAF5E /* Menus */ = {
			isa = PBXGroup;
			children = (
				6264FCFF1CCAD25100DFAF5E /* DropDown.storyboard */,
			);
			path = Menus;
			sourceTree = "<group>";
		};
		6264FD021CCAD5B100DFAF5E /* Dropdown */ = {
			isa = PBXGroup;
			children = (
				6264FD0E1CCB077900DFAF5E /* Controllers */,
				6264FD0D1CCB076600DFAF5E /* TransitionAnimators */,
			);
			path = Dropdown;
			sourceTree = "<group>";
		};
		6264FD0D1CCB076600DFAF5E /* TransitionAnimators */ = {
			isa = PBXGroup;
			children = (
				6264FD0B1CCAF07F00DFAF5E /* DropDownMenuDismissalAnimator.swift */,
				6264FD091CCAEAF100DFAF5E /* DropDownMenuPresentationAnimator.swift */,
			);
			path = TransitionAnimators;
			sourceTree = "<group>";
		};
		6264FD0E1CCB077900DFAF5E /* Controllers */ = {
			isa = PBXGroup;
			children = (
				6264FD031CCAD5EF00DFAF5E /* DropDownMenuTableViewController.swift */,
				6264FD051CCAD5FB00DFAF5E /* DropDownTableViewController.swift */,
			);
			path = Controllers;
			sourceTree = "<group>";
		};
		62B2C2E21CCA89B400168187 = {
			isa = PBXGroup;
			children = (
				62B2C2EC1CCA89B400168187 /* Products */,
				62B2C31E1CCA8A1700168187 /* Resources */,
				62B2C2ED1CCA89B400168187 /* Source */,
				62B2C31D1CCA8A0800168187 /* SupportFiles */,
				62B2C31C1CCA89F200168187 /* Tests */,
			);
			sourceTree = "<group>";
		};
		62B2C2EC1CCA89B400168187 /* Products */ = {
			isa = PBXGroup;
			children = (
				62B2C2EB1CCA89B400168187 /* MenuCatalog.app */,
				62B2C2FF1CCA89B400168187 /* MenuCatalog.xctest */,
				62B2C30A1CCA89B400168187 /* MenuCatalog.xctest */,
			);
			name = Products;
			sourceTree = "<group>";
		};
		62B2C2ED1CCA89B400168187 /* Source */ = {
			isa = PBXGroup;
			children = (
				624D63911CCB29F500C787B4 /* Controllers */,
				6264FD021CCAD5B100DFAF5E /* Dropdown */,
				62B2C2EE1CCA89B400168187 /* AppDelegate.swift */,
			);
			path = Source;
			sourceTree = "<group>";
		};
		62B2C3021CCA89B400168187 /* UnitTests */ = {
			isa = PBXGroup;
			children = (
				62B2C3051CCA89B400168187 /* Info.plist */,
				62B2C3031CCA89B400168187 /* MenusTests.swift */,
			);
			path = UnitTests;
			sourceTree = "<group>";
		};
		62B2C30D1CCA89B400168187 /* UITests */ = {
			isa = PBXGroup;
			children = (
				62B2C3101CCA89B400168187 /* Info.plist */,
				62B2C30E1CCA89B400168187 /* MenusUITests.swift */,
			);
			path = UITests;
			sourceTree = "<group>";
		};
		62B2C31C1CCA89F200168187 /* Tests */ = {
			isa = PBXGroup;
			children = (
				62B2C30D1CCA89B400168187 /* UITests */,
				62B2C3021CCA89B400168187 /* UnitTests */,
			);
			path = Tests;
			sourceTree = "<group>";
		};
		62B2C31D1CCA8A0800168187 /* SupportFiles */ = {
			isa = PBXGroup;
			children = (
				62B2C2FA1CCA89B400168187 /* Info.plist */,
			);
			path = SupportFiles;
			sourceTree = "<group>";
		};
		62B2C31E1CCA8A1700168187 /* Resources */ = {
			isa = PBXGroup;
			children = (
				6264FD011CCAD25500DFAF5E /* Menus */,
				62B2C2F51CCA89B400168187 /* Assets.xcassets */,
				62B2C2F71CCA89B400168187 /* LaunchScreen.storyboard */,
				62B2C2F21CCA89B400168187 /* Main.storyboard */,
			);
			path = Resources;
			sourceTree = "<group>";
		};
/* End PBXGroup section */

/* Begin PBXNativeTarget section */
		62B2C2EA1CCA89B400168187 /* MenuCatalog */ = {
			isa = PBXNativeTarget;
			buildConfigurationList = 62B2C3131CCA89B400168187 /* Build configuration list for PBXNativeTarget "MenuCatalog" */;
			buildPhases = (
				62B2C2E71CCA89B400168187 /* Sources */,
				62B2C2E81CCA89B400168187 /* Frameworks */,
				62B2C2E91CCA89B400168187 /* Resources */,
			);
			buildRules = (
			);
			dependencies = (
			);
			name = MenuCatalog;
			productName = Menus;
			productReference = 62B2C2EB1CCA89B400168187 /* MenuCatalog.app */;
			productType = "com.apple.product-type.application";
		};
		62B2C2FE1CCA89B400168187 /* MenuCatalogTests */ = {
			isa = PBXNativeTarget;
			buildConfigurationList = 62B2C3161CCA89B400168187 /* Build configuration list for PBXNativeTarget "MenuCatalogTests" */;
			buildPhases = (
				62B2C2FB1CCA89B400168187 /* Sources */,
				62B2C2FC1CCA89B400168187 /* Frameworks */,
				62B2C2FD1CCA89B400168187 /* Resources */,
			);
			buildRules = (
			);
			dependencies = (
				62B2C3011CCA89B400168187 /* PBXTargetDependency */,
			);
			name = MenuCatalogTests;
			productName = MenusTests;
			productReference = 62B2C2FF1CCA89B400168187 /* MenuCatalog.xctest */;
			productType = "com.apple.product-type.bundle.unit-test";
		};
		62B2C3091CCA89B400168187 /* MenuCatalogUITests */ = {
			isa = PBXNativeTarget;
			buildConfigurationList = 62B2C3191CCA89B400168187 /* Build configuration list for PBXNativeTarget "MenuCatalogUITests" */;
			buildPhases = (
				62B2C3061CCA89B400168187 /* Sources */,
				62B2C3071CCA89B400168187 /* Frameworks */,
				62B2C3081CCA89B400168187 /* Resources */,
			);
			buildRules = (
			);
			dependencies = (
				62B2C30C1CCA89B400168187 /* PBXTargetDependency */,
			);
			name = MenuCatalogUITests;
			productName = MenusUITests;
			productReference = 62B2C30A1CCA89B400168187 /* MenuCatalog.xctest */;
			productType = "com.apple.product-type.bundle.ui-testing";
		};
/* End PBXNativeTarget section */

/* Begin PBXProject section */
		62B2C2E31CCA89B400168187 /* Project object */ = {
			isa = PBXProject;
			attributes = {
				LastSwiftUpdateCheck = 0730;
				LastUpgradeCheck = 0730;
				ORGANIZATIONNAME = "Alexis Digital";
				TargetAttributes = {
					62B2C2EA1CCA89B400168187 = {
						CreatedOnToolsVersion = 7.3;
					};
					62B2C2FE1CCA89B400168187 = {
						CreatedOnToolsVersion = 7.3;
						TestTargetID = 62B2C2EA1CCA89B400168187;
					};
					62B2C3091CCA89B400168187 = {
						CreatedOnToolsVersion = 7.3;
						TestTargetID = 62B2C2EA1CCA89B400168187;
					};
				};
			};
			buildConfigurationList = 62B2C2E61CCA89B400168187 /* Build configuration list for PBXProject "MenuCatalog" */;
			compatibilityVersion = "Xcode 3.2";
			developmentRegion = English;
			hasScannedForEncodings = 0;
			knownRegions = (
				en,
				Base,
			);
			mainGroup = 62B2C2E21CCA89B400168187;
			productRefGroup = 62B2C2EC1CCA89B400168187 /* Products */;
			projectDirPath = "";
			projectRoot = "";
			targets = (
				62B2C2EA1CCA89B400168187 /* MenuCatalog */,
				62B2C2FE1CCA89B400168187 /* MenuCatalogTests */,
				62B2C3091CCA89B400168187 /* MenuCatalogUITests */,
			);
		};
/* End PBXProject section */

/* Begin PBXResourcesBuildPhase section */
		62B2C2E91CCA89B400168187 /* Resources */ = {
			isa = PBXResourcesBuildPhase;
			buildActionMask = 2147483647;
			files = (
				62B2C2F91CCA89B400168187 /* LaunchScreen.storyboard in Resources */,
				62B2C2F61CCA89B400168187 /* Assets.xcassets in Resources */,
				62B2C2F41CCA89B400168187 /* Main.storyboard in Resources */,
				6264FD001CCAD25100DFAF5E /* DropDown.storyboard in Resources */,
			);
			runOnlyForDeploymentPostprocessing = 0;
		};
		62B2C2FD1CCA89B400168187 /* Resources */ = {
			isa = PBXResourcesBuildPhase;
			buildActionMask = 2147483647;
			files = (
			);
			runOnlyForDeploymentPostprocessing = 0;
		};
		62B2C3081CCA89B400168187 /* Resources */ = {
			isa = PBXResourcesBuildPhase;
			buildActionMask = 2147483647;
			files = (
			);
			runOnlyForDeploymentPostprocessing = 0;
		};
/* End PBXResourcesBuildPhase section */

/* Begin PBXSourcesBuildPhase section */
		62B2C2E71CCA89B400168187 /* Sources */ = {
			isa = PBXSourcesBuildPhase;
			buildActionMask = 2147483647;
			files = (
				6264FD041CCAD5EF00DFAF5E /* DropDownMenuTableViewController.swift in Sources */,
				624D63931CCB2A0600C787B4 /* MainMenuTableViewController.swift in Sources */,
				6264FD0C1CCAF07F00DFAF5E /* DropDownMenuDismissalAnimator.swift in Sources */,
				6264FD0A1CCAEAF100DFAF5E /* DropDownMenuPresentationAnimator.swift in Sources */,
				62B2C2EF1CCA89B400168187 /* AppDelegate.swift in Sources */,
				6264FD061CCAD5FB00DFAF5E /* DropDownTableViewController.swift in Sources */,
			);
			runOnlyForDeploymentPostprocessing = 0;
		};
		62B2C2FB1CCA89B400168187 /* Sources */ = {
			isa = PBXSourcesBuildPhase;
			buildActionMask = 2147483647;
			files = (
				62B2C3041CCA89B400168187 /* MenusTests.swift in Sources */,
			);
			runOnlyForDeploymentPostprocessing = 0;
		};
		62B2C3061CCA89B400168187 /* Sources */ = {
			isa = PBXSourcesBuildPhase;
			buildActionMask = 2147483647;
			files = (
				62B2C30F1CCA89B400168187 /* MenusUITests.swift in Sources */,
			);
			runOnlyForDeploymentPostprocessing = 0;
		};
/* End PBXSourcesBuildPhase section */

/* Begin PBXTargetDependency section */
		62B2C3011CCA89B400168187 /* PBXTargetDependency */ = {
			isa = PBXTargetDependency;
			target = 62B2C2EA1CCA89B400168187 /* MenuCatalog */;
			targetProxy = 62B2C3001CCA89B400168187 /* PBXContainerItemProxy */;
		};
		62B2C30C1CCA89B400168187 /* PBXTargetDependency */ = {
			isa = PBXTargetDependency;
			target = 62B2C2EA1CCA89B400168187 /* MenuCatalog */;
			targetProxy = 62B2C30B1CCA89B400168187 /* PBXContainerItemProxy */;
		};
/* End PBXTargetDependency section */

/* Begin PBXVariantGroup section */
		62B2C2F21CCA89B400168187 /* Main.storyboard */ = {
			isa = PBXVariantGroup;
			children = (
				62B2C2F31CCA89B400168187 /* Base */,
			);
			name = Main.storyboard;
			path = .;
			sourceTree = "<group>";
		};
		62B2C2F71CCA89B400168187 /* LaunchScreen.storyboard */ = {
			isa = PBXVariantGroup;
			children = (
				62B2C2F81CCA89B400168187 /* Base */,
			);
			name = LaunchScreen.storyboard;
			path = .;
			sourceTree = "<group>";
		};
/* End PBXVariantGroup section */

/* Begin XCBuildConfiguration section */
		62B2C3111CCA89B400168187 /* Debug */ = {
			isa = XCBuildConfiguration;
			buildSettings = {
				ALWAYS_SEARCH_USER_PATHS = NO;
				CLANG_ANALYZER_NONNULL = YES;
				CLANG_CXX_LANGUAGE_STANDARD = "gnu++0x";
				CLANG_CXX_LIBRARY = "libc++";
				CLANG_ENABLE_MODULES = YES;
				CLANG_ENABLE_OBJC_ARC = YES;
				CLANG_WARN_BOOL_CONVERSION = YES;
				CLANG_WARN_CONSTANT_CONVERSION = YES;
				CLANG_WARN_DIRECT_OBJC_ISA_USAGE = YES_ERROR;
				CLANG_WARN_EMPTY_BODY = YES;
				CLANG_WARN_ENUM_CONVERSION = YES;
				CLANG_WARN_INT_CONVERSION = YES;
				CLANG_WARN_OBJC_ROOT_CLASS = YES_ERROR;
				CLANG_WARN_UNREACHABLE_CODE = YES;
				CLANG_WARN__DUPLICATE_METHOD_MATCH = YES;
				"CODE_SIGN_IDENTITY[sdk=iphoneos*]" = "iPhone Developer";
				COPY_PHASE_STRIP = NO;
				DEBUG_INFORMATION_FORMAT = dwarf;
				ENABLE_STRICT_OBJC_MSGSEND = YES;
				ENABLE_TESTABILITY = YES;
				GCC_C_LANGUAGE_STANDARD = gnu99;
				GCC_DYNAMIC_NO_PIC = NO;
				GCC_NO_COMMON_BLOCKS = YES;
				GCC_OPTIMIZATION_LEVEL = 0;
				GCC_PREPROCESSOR_DEFINITIONS = (
					"DEBUG=1",
					"$(inherited)",
				);
				GCC_WARN_64_TO_32_BIT_CONVERSION = YES;
				GCC_WARN_ABOUT_RETURN_TYPE = YES_ERROR;
				GCC_WARN_UNDECLARED_SELECTOR = YES;
				GCC_WARN_UNINITIALIZED_AUTOS = YES_AGGRESSIVE;
				GCC_WARN_UNUSED_FUNCTION = YES;
				GCC_WARN_UNUSED_VARIABLE = YES;
				IPHONEOS_DEPLOYMENT_TARGET = 9.3;
				MTL_ENABLE_DEBUG_INFO = YES;
				ONLY_ACTIVE_ARCH = YES;
				SDKROOT = iphoneos;
				SWIFT_OPTIMIZATION_LEVEL = "-Onone";
			};
			name = Debug;
		};
		62B2C3121CCA89B400168187 /* Release */ = {
			isa = XCBuildConfiguration;
			buildSettings = {
				ALWAYS_SEARCH_USER_PATHS = NO;
				CLANG_ANALYZER_NONNULL = YES;
				CLANG_CXX_LANGUAGE_STANDARD = "gnu++0x";
				CLANG_CXX_LIBRARY = "libc++";
				CLANG_ENABLE_MODULES = YES;
				CLANG_ENABLE_OBJC_ARC = YES;
				CLANG_WARN_BOOL_CONVERSION = YES;
				CLANG_WARN_CONSTANT_CONVERSION = YES;
				CLANG_WARN_DIRECT_OBJC_ISA_USAGE = YES_ERROR;
				CLANG_WARN_EMPTY_BODY = YES;
				CLANG_WARN_ENUM_CONVERSION = YES;
				CLANG_WARN_INT_CONVERSION = YES;
				CLANG_WARN_OBJC_ROOT_CLASS = YES_ERROR;
				CLANG_WARN_UNREACHABLE_CODE = YES;
				CLANG_WARN__DUPLICATE_METHOD_MATCH = YES;
				"CODE_SIGN_IDENTITY[sdk=iphoneos*]" = "iPhone Developer";
				COPY_PHASE_STRIP = NO;
				DEBUG_INFORMATION_FORMAT = "dwarf-with-dsym";
				ENABLE_NS_ASSERTIONS = NO;
				ENABLE_STRICT_OBJC_MSGSEND = YES;
				GCC_C_LANGUAGE_STANDARD = gnu99;
				GCC_NO_COMMON_BLOCKS = YES;
				GCC_WARN_64_TO_32_BIT_CONVERSION = YES;
				GCC_WARN_ABOUT_RETURN_TYPE = YES_ERROR;
				GCC_WARN_UNDECLARED_SELECTOR = YES;
				GCC_WARN_UNINITIALIZED_AUTOS = YES_AGGRESSIVE;
				GCC_WARN_UNUSED_FUNCTION = YES;
				GCC_WARN_UNUSED_VARIABLE = YES;
				IPHONEOS_DEPLOYMENT_TARGET = 9.3;
				MTL_ENABLE_DEBUG_INFO = NO;
				SDKROOT = iphoneos;
				VALIDATE_PRODUCT = YES;
			};
			name = Release;
		};
		62B2C3141CCA89B400168187 /* Debug */ = {
			isa = XCBuildConfiguration;
			buildSettings = {
				ASSETCATALOG_COMPILER_APPICON_NAME = AppIcon;
				INFOPLIST_FILE = "$(SRCROOT)/SupportFiles/Info.plist";
				LD_RUNPATH_SEARCH_PATHS = "$(inherited) @executable_path/Frameworks";
				PRODUCT_BUNDLE_IDENTIFIER = com.alexisdigital.MenuCatalog;
				PRODUCT_NAME = MenuCatalog;
			};
			name = Debug;
		};
		62B2C3151CCA89B400168187 /* Release */ = {
			isa = XCBuildConfiguration;
			buildSettings = {
				ASSETCATALOG_COMPILER_APPICON_NAME = AppIcon;
				INFOPLIST_FILE = "$(SRCROOT)/SupportFiles/Info.plist";
				LD_RUNPATH_SEARCH_PATHS = "$(inherited) @executable_path/Frameworks";
				PRODUCT_BUNDLE_IDENTIFIER = com.alexisdigital.MenuCatalog;
				PRODUCT_NAME = MenuCatalog;
			};
			name = Release;
		};
		62B2C3171CCA89B400168187 /* Debug */ = {
			isa = XCBuildConfiguration;
			buildSettings = {
				BUNDLE_LOADER = "$(TEST_HOST)";
				INFOPLIST_FILE = Tests/UnitTests/Info.plist;
				LD_RUNPATH_SEARCH_PATHS = "$(inherited) @executable_path/Frameworks @loader_path/Frameworks";
				PRODUCT_BUNDLE_IDENTIFIER = com.alexisdigital.MenusTests;
				PRODUCT_NAME = MenuCatalog;
				TEST_HOST = "$(BUILT_PRODUCTS_DIR)/MenuCatalog.app/MenuCatalog";
			};
			name = Debug;
		};
		62B2C3181CCA89B400168187 /* Release */ = {
			isa = XCBuildConfiguration;
			buildSettings = {
				BUNDLE_LOADER = "$(TEST_HOST)";
				INFOPLIST_FILE = Tests/UnitTests/Info.plist;
				LD_RUNPATH_SEARCH_PATHS = "$(inherited) @executable_path/Frameworks @loader_path/Frameworks";
				PRODUCT_BUNDLE_IDENTIFIER = com.alexisdigital.MenusTests;
				PRODUCT_NAME = MenuCatalog;
				TEST_HOST = "$(BUILT_PRODUCTS_DIR)/MenuCatalog.app/MenuCatalog";
			};
			name = Release;
		};
		62B2C31A1CCA89B400168187 /* Debug */ = {
			isa = XCBuildConfiguration;
			buildSettings = {
				INFOPLIST_FILE = Tests/UITests/Info.plist;
				LD_RUNPATH_SEARCH_PATHS = "$(inherited) @executable_path/Frameworks @loader_path/Frameworks";
				PRODUCT_BUNDLE_IDENTIFIER = com.alexisdigital.MenusUITests;
				PRODUCT_NAME = MenuCatalog;
				TEST_TARGET_NAME = Menus;
			};
			name = Debug;
		};
		62B2C31B1CCA89B400168187 /* Release */ = {
			isa = XCBuildConfiguration;
			buildSettings = {
				INFOPLIST_FILE = Tests/UITests/Info.plist;
				LD_RUNPATH_SEARCH_PATHS = "$(inherited) @executable_path/Frameworks @loader_path/Frameworks";
				PRODUCT_BUNDLE_IDENTIFIER = com.alexisdigital.MenusUITests;
				PRODUCT_NAME = MenuCatalog;
				TEST_TARGET_NAME = Menus;
			};
			name = Release;
		};
/* End XCBuildConfiguration section */

/* Begin XCConfigurationList section */
		62B2C2E61CCA89B400168187 /* Build configuration list for PBXProject "MenuCatalog" */ = {
			isa = XCConfigurationList;
			buildConfigurations = (
				62B2C3111CCA89B400168187 /* Debug */,
				62B2C3121CCA89B400168187 /* Release */,
			);
			defaultConfigurationIsVisible = 0;
			defaultConfigurationName = Release;
		};
		62B2C3131CCA89B400168187 /* Build configuration list for PBXNativeTarget "MenuCatalog" */ = {
			isa = XCConfigurationList;
			buildConfigurations = (
				62B2C3141CCA89B400168187 /* Debug */,
				62B2C3151CCA89B400168187 /* Release */,
			);
			defaultConfigurationIsVisible = 0;
			defaultConfigurationName = Release;
		};
		62B2C3161CCA89B400168187 /* Build configuration list for PBXNativeTarget "MenuCatalogTests" */ = {
			isa = XCConfigurationList;
			buildConfigurations = (
				62B2C3171CCA89B400168187 /* Debug */,
				62B2C3181CCA89B400168187 /* Release */,
			);
			defaultConfigurationIsVisible = 0;
			defaultConfigurationName = Release;
		};
		62B2C3191CCA89B400168187 /* Build configuration list for PBXNativeTarget "MenuCatalogUITests" */ = {
			isa = XCConfigurationList;
			buildConfigurations = (
				62B2C31A1CCA89B400168187 /* Debug */,
				62B2C31B1CCA89B400168187 /* Release */,
			);
			defaultConfigurationIsVisible = 0;
			defaultConfigurationName = Release;
		};
/* End XCConfigurationList section */
	};
	rootObject = 62B2C2E31CCA89B400168187 /* Project object */;
}
